
Microsoft Visual Studio Solution File, Format Version 12.00
# Visual Studio Version 17
VisualStudioVersion = 17.10.35122.118
MinimumVisualStudioVersion = 10.0.40219.1
Project("{FAE04EC0-301F-11D3-BF4B-00C04F79EFBC}") = "Geometric_operation", "Geometric_operation\Geometric_operation.csproj", "{FA887777-665E-4D5F-8C13-F95C74C041D7}"
EndProject
Global
	GlobalSection(SolutionConfigurationPlatforms) = preSolution
		Debug|Any CPU = Debug|Any CPU
		Release|Any CPU = Release|Any CPU
	EndGlobalSection
	GlobalSection(ProjectConfigurationPlatforms) = postSolution
		{FA887777-665E-4D5F-8C13-F95C74C041D7}.Debug|Any CPU.ActiveCfg = Debug|Any CPU
		{FA887777-665E-4D5F-8C13-F95C74C041D7}.Debug|Any CPU.Build.0 = Debug|Any CPU
		{FA887777-665E-4D5F-8C13-F95C74C041D7}.Release|Any CPU.ActiveCfg = Release|Any CPU
		{FA887777-665E-4D5F-8C13-F95C74C041D7}.Release|Any CPU.Build.0 = Release|Any CPU
	EndGlobalSection
	GlobalSection(SolutionProperties) = preSolution
		HideSolutionNode = FALSE
	EndGlobalSection
	GlobalSection(ExtensibilityGlobals) = postSolution
		SolutionGuid = {92A3D83A-9CA8-4790-84B1-8B552ECD6066}
	EndGlobalSection
EndGlobal
